
Microsoft Visual Studio Solution File, Format Version 12.00
# Visual Studio Version 16
VisualStudioVersion = 16.0.31729.503
MinimumVisualStudioVersion = 10.0.40219.1
Project("{FAE04EC0-301F-11D3-BF4B-00C04F79EFBC}") = "Week7_DapperCRUD", "Week7_DapperCRUD\Week7_DapperCRUD.csproj", "{1ABD4D1A-3783-408E-BAED-8B6C76D44E05}"
EndProject
Global
	GlobalSection(SolutionConfigurationPlatforms) = preSolution
		Debug|Any CPU = Debug|Any CPU
		Release|Any CPU = Release|Any CPU
	EndGlobalSection
	GlobalSection(ProjectConfigurationPlatforms) = postSolution
		{1ABD4D1A-3783-408E-BAED-8B6C76D44E05}.Debug|Any CPU.ActiveCfg = Debug|Any CPU
		{1ABD4D1A-3783-408E-BAED-8B6C76D44E05}.Debug|Any CPU.Build.0 = Debug|Any CPU
		{1ABD4D1A-3783-408E-BAED-8B6C76D44E05}.Release|Any CPU.ActiveCfg = Release|Any CPU
		{1ABD4D1A-3783-408E-BAED-8B6C76D44E05}.Release|Any CPU.Build.0 = Release|Any CPU
	EndGlobalSection
	GlobalSection(SolutionProperties) = preSolution
		HideSolutionNode = FALSE
	EndGlobalSection
	GlobalSection(ExtensibilityGlobals) = postSolution
		SolutionGuid = {81DCA692-7D14-475E-9ABE-078E11F25745}
	EndGlobalSection
EndGlobal
